
Microsoft Visual Studio Solution File, Format Version 12.00
# Visual Studio Version 17
VisualStudioVersion = 17.9.34616.47
MinimumVisualStudioVersion = 10.0.40219.1
Project("{FAE04EC0-301F-11D3-BF4B-00C04F79EFBC}") = "OpenAIIttenaryManager", "OpenAIIttenaryManager.csproj", "{4219646B-AC7F-4595-BF5A-7557BFA22649}"
EndProject
Global
	GlobalSection(SolutionConfigurationPlatforms) = preSolution
		Debug|Any CPU = Debug|Any CPU
		Release|Any CPU = Release|Any CPU
	EndGlobalSection
	GlobalSection(ProjectConfigurationPlatforms) = postSolution
		{4219646B-AC7F-4595-BF5A-7557BFA22649}.Debug|Any CPU.ActiveCfg = Debug|Any CPU
		{4219646B-AC7F-4595-BF5A-7557BFA22649}.Debug|Any CPU.Build.0 = Debug|Any CPU
		{4219646B-AC7F-4595-BF5A-7557BFA22649}.Release|Any CPU.ActiveCfg = Release|Any CPU
		{4219646B-AC7F-4595-BF5A-7557BFA22649}.Release|Any CPU.Build.0 = Release|Any CPU
	EndGlobalSection
	GlobalSection(SolutionProperties) = preSolution
		HideSolutionNode = FALSE
	EndGlobalSection
	GlobalSection(ExtensibilityGlobals) = postSolution
		SolutionGuid = {7CDCA913-40B6-48CF-817D-F15F031A471D}
	EndGlobalSection
EndGlobal
